
Microsoft Visual Studio Solution File, Format Version 12.00
# Visual Studio Version 17
VisualStudioVersion = 17.0.31903.59
MinimumVisualStudioVersion = 10.0.40219.1
Project("{FAE04EC0-301F-11D3-BF4B-00C04F79EFBC}") = "IndeterminateCheckboxBlazor", "IndeterminateCheckboxBlazor\IndeterminateCheckboxBlazor.csproj", "{3D7BE982-8BB8-4F94-9423-4B83A1CD0FBF}"
EndProject
Project("{FAE04EC0-301F-11D3-BF4B-00C04F79EFBC}") = "IndeterminateCheckboxBlazor.TestApp", "IndeterminateCheckboxBlazor.TestApp\IndeterminateCheckboxBlazor.TestApp.csproj", "{A73500B7-C9E9-4F37-AE6A-2F62422235F5}"
EndProject
Global
	GlobalSection(SolutionConfigurationPlatforms) = preSolution
		Debug|Any CPU = Debug|Any CPU
		Release|Any CPU = Release|Any CPU
	EndGlobalSection
	GlobalSection(ProjectConfigurationPlatforms) = postSolution
		{3D7BE982-8BB8-4F94-9423-4B83A1CD0FBF}.Debug|Any CPU.ActiveCfg = Debug|Any CPU
		{3D7BE982-8BB8-4F94-9423-4B83A1CD0FBF}.Debug|Any CPU.Build.0 = Debug|Any CPU
		{3D7BE982-8BB8-4F94-9423-4B83A1CD0FBF}.Release|Any CPU.ActiveCfg = Release|Any CPU
		{3D7BE982-8BB8-4F94-9423-4B83A1CD0FBF}.Release|Any CPU.Build.0 = Release|Any CPU
		{A73500B7-C9E9-4F37-AE6A-2F62422235F5}.Debug|Any CPU.ActiveCfg = Debug|Any CPU
		{A73500B7-C9E9-4F37-AE6A-2F62422235F5}.Debug|Any CPU.Build.0 = Debug|Any CPU
		{A73500B7-C9E9-4F37-AE6A-2F62422235F5}.Release|Any CPU.ActiveCfg = Release|Any CPU
		{A73500B7-C9E9-4F37-AE6A-2F62422235F5}.Release|Any CPU.Build.0 = Release|Any CPU
	EndGlobalSection
	GlobalSection(SolutionProperties) = preSolution
		HideSolutionNode = FALSE
	EndGlobalSection
	GlobalSection(ExtensibilityGlobals) = postSolution
		SolutionGuid = {1F6AB7B3-D967-4714-AF29-C36CFF08D7DE}
	EndGlobalSection
EndGlobal
